// !$*UTF8*$!
{
	archiveVersion = 1;
	classes = {
	};
	objectVersion = 46;
	objects = {

/* Begin PBXBuildFile section */
		4B22C01E1E7E7A7700C26CCA /* LearnCollectionViewController.swift in Sources */ = {isa = PBXBuildFile; fileRef = 4B22C01D1E7E7A7700C26CCA /* LearnCollectionViewController.swift */; };
		4B22C0201E7E7BB200C26CCA /* ContactCollectionViewCell.swift in Sources */ = {isa = PBXBuildFile; fileRef = 4B22C01F1E7E7BB200C26CCA /* ContactCollectionViewCell.swift */; };
		4B22C0221E7E8C4900C26CCA /* RotatingNavigationViewController.swift in Sources */ = {isa = PBXBuildFile; fileRef = 4B22C0211E7E8C4900C26CCA /* RotatingNavigationViewController.swift */; };
		4B3EF4631E75E4640005FAB9 /* AppDelegate.swift in Sources */ = {isa = PBXBuildFile; fileRef = 4B3EF4621E75E4640005FAB9 /* AppDelegate.swift */; };
		4B3EF4681E75E4650005FAB9 /* Main.storyboard in Resources */ = {isa = PBXBuildFile; fileRef = 4B3EF4661E75E4650005FAB9 /* Main.storyboard */; };
		4B3EF46A1E75E4650005FAB9 /* Assets.xcassets in Resources */ = {isa = PBXBuildFile; fileRef = 4B3EF4691E75E4650005FAB9 /* Assets.xcassets */; };
		4B3EF46D1E75E4650005FAB9 /* LaunchScreen.storyboard in Resources */ = {isa = PBXBuildFile; fileRef = 4B3EF46B1E75E4650005FAB9 /* LaunchScreen.storyboard */; };
		4B3EF4831E75E8820005FAB9 /* ContactsService.swift in Sources */ = {isa = PBXBuildFile; fileRef = 4B3EF4821E75E8820005FAB9 /* ContactsService.swift */; };
		4B3EF4851E75F3580005FAB9 /* GameController.swift in Sources */ = {isa = PBXBuildFile; fileRef = 4B3EF4841E75F3580005FAB9 /* GameController.swift */; };
		4B3EF4871E75F5DD0005FAB9 /* FaceCollectionViewController.swift in Sources */ = {isa = PBXBuildFile; fileRef = 4B3EF4861E75F5DD0005FAB9 /* FaceCollectionViewController.swift */; };
		4B3EF4891E75F7380005FAB9 /* FaceCollectionViewCell.swift in Sources */ = {isa = PBXBuildFile; fileRef = 4B3EF4881E75F7380005FAB9 /* FaceCollectionViewCell.swift */; };
		4BC12A5B1E7CFDFC00D1FFFE /* SwinjectStoryboard+setup.swift in Sources */ = {isa = PBXBuildFile; fileRef = 4BC12A5A1E7CFDFC00D1FFFE /* SwinjectStoryboard+setup.swift */; };
		4BC12A5D1E7DCB4900D1FFFE /* PermissionsViewController.swift in Sources */ = {isa = PBXBuildFile; fileRef = 4BC12A5C1E7DCB4900D1FFFE /* PermissionsViewController.swift */; };
		4BF152C81E7DD5CC00676015 /* OrganizationViewController.swift in Sources */ = {isa = PBXBuildFile; fileRef = 4BF152C71E7DD5CC00676015 /* OrganizationViewController.swift */; };
		4BF152CB1E7E28BB00676015 /* ReplaceRootSegue.swift in Sources */ = {isa = PBXBuildFile; fileRef = 4BF152CA1E7E28BB00676015 /* ReplaceRootSegue.swift */; };
		D1B2443DA9411303D6D24E64 /* Pods_NameBook.framework in Frameworks */ = {isa = PBXBuildFile; fileRef = 09437D84B165DA31FE973CB9 /* Pods_NameBook.framework */; };
		D228B78F1E7899B000C6CAD8 /* Array+Shuffle.swift in Sources */ = {isa = PBXBuildFile; fileRef = D228B78E1E7899B000C6CAD8 /* Array+Shuffle.swift */; };
/* End PBXBuildFile section */

/* Begin PBXFileReference section */
		09437D84B165DA31FE973CB9 /* Pods_NameBook.framework */ = {isa = PBXFileReference; explicitFileType = wrapper.framework; includeInIndex = 0; path = Pods_NameBook.framework; sourceTree = BUILT_PRODUCTS_DIR; };
		2FA45A11627D24BEC7892F4C /* Pods-NameBook.debug.xcconfig */ = {isa = PBXFileReference; includeInIndex = 1; lastKnownFileType = text.xcconfig; name = "Pods-NameBook.debug.xcconfig"; path = "Pods/Target Support Files/Pods-NameBook/Pods-NameBook.debug.xcconfig"; sourceTree = "<group>"; };
		4B22C01D1E7E7A7700C26CCA /* LearnCollectionViewController.swift */ = {isa = PBXFileReference; fileEncoding = 4; lastKnownFileType = sourcecode.swift; path = LearnCollectionViewController.swift; sourceTree = "<group>"; };
		4B22C01F1E7E7BB200C26CCA /* ContactCollectionViewCell.swift */ = {isa = PBXFileReference; fileEncoding = 4; lastKnownFileType = sourcecode.swift; path = ContactCollectionViewCell.swift; sourceTree = "<group>"; };
		4B22C0211E7E8C4900C26CCA /* RotatingNavigationViewController.swift */ = {isa = PBXFileReference; fileEncoding = 4; lastKnownFileType = sourcecode.swift; path = RotatingNavigationViewController.swift; sourceTree = "<group>"; };
		4B3EF45F1E75E4640005FAB9 /* NameBook.app */ = {isa = PBXFileReference; explicitFileType = wrapper.application; includeInIndex = 0; path = NameBook.app; sourceTree = BUILT_PRODUCTS_DIR; };
		4B3EF4621E75E4640005FAB9 /* AppDelegate.swift */ = {isa = PBXFileReference; lastKnownFileType = sourcecode.swift; path = AppDelegate.swift; sourceTree = "<group>"; };
		4B3EF4671E75E4650005FAB9 /* Base */ = {isa = PBXFileReference; lastKnownFileType = file.storyboard; name = Base; path = Base.lproj/Main.storyboard; sourceTree = "<group>"; };
		4B3EF4691E75E4650005FAB9 /* Assets.xcassets */ = {isa = PBXFileReference; lastKnownFileType = folder.assetcatalog; path = Assets.xcassets; sourceTree = "<group>"; };
		4B3EF46C1E75E4650005FAB9 /* Base */ = {isa = PBXFileReference; lastKnownFileType = file.storyboard; name = Base; path = Base.lproj/LaunchScreen.storyboard; sourceTree = "<group>"; };
		4B3EF46E1E75E4650005FAB9 /* Info.plist */ = {isa = PBXFileReference; lastKnownFileType = text.plist.xml; path = Info.plist; sourceTree = "<group>"; };
		4B3EF4821E75E8820005FAB9 /* ContactsService.swift */ = {isa = PBXFileReference; fileEncoding = 4; lastKnownFileType = sourcecode.swift; path = ContactsService.swift; sourceTree = "<group>"; };
		4B3EF4841E75F3580005FAB9 /* GameController.swift */ = {isa = PBXFileReference; fileEncoding = 4; lastKnownFileType = sourcecode.swift; path = GameController.swift; sourceTree = "<group>"; };
		4B3EF4861E75F5DD0005FAB9 /* FaceCollectionViewController.swift */ = {isa = PBXFileReference; fileEncoding = 4; lastKnownFileType = sourcecode.swift; path = FaceCollectionViewController.swift; sourceTree = "<group>"; };
		4B3EF4881E75F7380005FAB9 /* FaceCollectionViewCell.swift */ = {isa = PBXFileReference; fileEncoding = 4; lastKnownFileType = sourcecode.swift; path = FaceCollectionViewCell.swift; sourceTree = "<group>"; };
		4BC12A5A1E7CFDFC00D1FFFE /* SwinjectStoryboard+setup.swift */ = {isa = PBXFileReference; fileEncoding = 4; lastKnownFileType = sourcecode.swift; path = "SwinjectStoryboard+setup.swift"; sourceTree = "<group>"; };
		4BC12A5C1E7DCB4900D1FFFE /* PermissionsViewController.swift */ = {isa = PBXFileReference; fileEncoding = 4; lastKnownFileType = sourcecode.swift; path = PermissionsViewController.swift; sourceTree = "<group>"; };
		4BF152C71E7DD5CC00676015 /* OrganizationViewController.swift */ = {isa = PBXFileReference; fileEncoding = 4; lastKnownFileType = sourcecode.swift; path = OrganizationViewController.swift; sourceTree = "<group>"; };
		4BF152CA1E7E28BB00676015 /* ReplaceRootSegue.swift */ = {isa = PBXFileReference; fileEncoding = 4; lastKnownFileType = sourcecode.swift; path = ReplaceRootSegue.swift; sourceTree = "<group>"; };
		59E309289D3E2AB203FAE97E /* Pods-NameBook.release.xcconfig */ = {isa = PBXFileReference; includeInIndex = 1; lastKnownFileType = text.xcconfig; name = "Pods-NameBook.release.xcconfig"; path = "Pods/Target Support Files/Pods-NameBook/Pods-NameBook.release.xcconfig"; sourceTree = "<group>"; };
		6419DD4ED4EE225F21CB9032 /* Pods_NameBookTests.framework */ = {isa = PBXFileReference; explicitFileType = wrapper.framework; includeInIndex = 0; path = Pods_NameBookTests.framework; sourceTree = BUILT_PRODUCTS_DIR; };
		D228B78E1E7899B000C6CAD8 /* Array+Shuffle.swift */ = {isa = PBXFileReference; fileEncoding = 4; lastKnownFileType = sourcecode.swift; path = "Array+Shuffle.swift"; sourceTree = "<group>"; };
/* End PBXFileReference section */

/* Begin PBXFrameworksBuildPhase section */
		4B3EF45C1E75E4640005FAB9 /* Frameworks */ = {
			isa = PBXFrameworksBuildPhase;
			buildActionMask = 2147483647;
			files = (
				D1B2443DA9411303D6D24E64 /* Pods_NameBook.framework in Frameworks */,
			);
			runOnlyForDeploymentPostprocessing = 0;
		};
/* End PBXFrameworksBuildPhase section */

/* Begin PBXGroup section */
		4B3EF4561E75E4640005FAB9 = {
			isa = PBXGroup;
			children = (
				4B3EF4611E75E4640005FAB9 /* NameBook */,
				4B3EF4601E75E4640005FAB9 /* Products */,
				CB1639A4487E7E3B3B143603 /* Pods */,
				EC966106F4BE2F142E9A46BC /* Frameworks */,
			);
			sourceTree = "<group>";
		};
		4B3EF4601E75E4640005FAB9 /* Products */ = {
			isa = PBXGroup;
			children = (
				4B3EF45F1E75E4640005FAB9 /* NameBook.app */,
			);
			name = Products;
			sourceTree = "<group>";
		};
		4B3EF4611E75E4640005FAB9 /* NameBook */ = {
			isa = PBXGroup;
			children = (
				4B3EF4621E75E4640005FAB9 /* AppDelegate.swift */,
				4BF152C91E7DDDB400676015 /* Controllers */,
				4B3EF4881E75F7380005FAB9 /* FaceCollectionViewCell.swift */,
				4B22C01F1E7E7BB200C26CCA /* ContactCollectionViewCell.swift */,
				4B3EF4821E75E8820005FAB9 /* ContactsService.swift */,
				4B3EF4841E75F3580005FAB9 /* GameController.swift */,
				D228B78E1E7899B000C6CAD8 /* Array+Shuffle.swift */,
				4BF152CA1E7E28BB00676015 /* ReplaceRootSegue.swift */,
				4BC12A5A1E7CFDFC00D1FFFE /* SwinjectStoryboard+setup.swift */,
				4B3EF4661E75E4650005FAB9 /* Main.storyboard */,
				4B3EF4691E75E4650005FAB9 /* Assets.xcassets */,
				4B3EF46B1E75E4650005FAB9 /* LaunchScreen.storyboard */,
				4B3EF46E1E75E4650005FAB9 /* Info.plist */,
			);
			path = NameBook;
			sourceTree = "<group>";
		};
		4BF152C91E7DDDB400676015 /* Controllers */ = {
			isa = PBXGroup;
			children = (
				4BC12A5C1E7DCB4900D1FFFE /* PermissionsViewController.swift */,
				4BF152C71E7DD5CC00676015 /* OrganizationViewController.swift */,
				4B22C01D1E7E7A7700C26CCA /* LearnCollectionViewController.swift */,
				4B3EF4861E75F5DD0005FAB9 /* FaceCollectionViewController.swift */,
				4B22C0211E7E8C4900C26CCA /* RotatingNavigationViewController.swift */,
			);
			name = Controllers;
			sourceTree = "<group>";
		};
		CB1639A4487E7E3B3B143603 /* Pods */ = {
			isa = PBXGroup;
			children = (
				2FA45A11627D24BEC7892F4C /* Pods-NameBook.debug.xcconfig */,
				59E309289D3E2AB203FAE97E /* Pods-NameBook.release.xcconfig */,
			);
			name = Pods;
			sourceTree = "<group>";
		};
		EC966106F4BE2F142E9A46BC /* Frameworks */ = {
			isa = PBXGroup;
			children = (
				09437D84B165DA31FE973CB9 /* Pods_NameBook.framework */,
				6419DD4ED4EE225F21CB9032 /* Pods_NameBookTests.framework */,
			);
			name = Frameworks;
			sourceTree = "<group>";
		};
/* End PBXGroup section */

/* Begin PBXNativeTarget section */
		4B3EF45E1E75E4640005FAB9 /* NameBook */ = {
			isa = PBXNativeTarget;
			buildConfigurationList = 4B3EF47C1E75E4650005FAB9 /* Build configuration list for PBXNativeTarget "NameBook" */;
			buildPhases = (
				B69A0E0B8DD802B7B728C97D /* [CP] Check Pods Manifest.lock */,
				4B3EF45B1E75E4640005FAB9 /* Sources */,
				4B3EF45C1E75E4640005FAB9 /* Frameworks */,
				4B3EF45D1E75E4640005FAB9 /* Resources */,
				FB104A594FC2B776D924B977 /* [CP] Embed Pods Frameworks */,
				C4BEF858694B63DD919529AB /* [CP] Copy Pods Resources */,
			);
			buildRules = (
			);
			dependencies = (
			);
			name = NameBook;
			productName = NameBook;
			productReference = 4B3EF45F1E75E4640005FAB9 /* NameBook.app */;
			productType = "com.apple.product-type.application";
		};
/* End PBXNativeTarget section */

/* Begin PBXProject section */
		4B3EF4571E75E4640005FAB9 /* Project object */ = {
			isa = PBXProject;
			attributes = {
				LastSwiftUpdateCheck = 0820;
				LastUpgradeCheck = 0820;
				TargetAttributes = {
					4B3EF45E1E75E4640005FAB9 = {
						CreatedOnToolsVersion = 8.2.1;
						DevelopmentTeam = 35KC7LV9BL;
						ProvisioningStyle = Automatic;
					};
				};
			};
			buildConfigurationList = 4B3EF45A1E75E4640005FAB9 /* Build configuration list for PBXProject "NameBook" */;
			compatibilityVersion = "Xcode 3.2";
			developmentRegion = English;
			hasScannedForEncodings = 0;
			knownRegions = (
				en,
				Base,
			);
			mainGroup = 4B3EF4561E75E4640005FAB9;
			productRefGroup = 4B3EF4601E75E4640005FAB9 /* Products */;
			projectDirPath = "";
			projectRoot = "";
			targets = (
				4B3EF45E1E75E4640005FAB9 /* NameBook */,
			);
		};
/* End PBXProject section */

/* Begin PBXResourcesBuildPhase section */
		4B3EF45D1E75E4640005FAB9 /* Resources */ = {
			isa = PBXResourcesBuildPhase;
			buildActionMask = 2147483647;
			files = (
				4B3EF46D1E75E4650005FAB9 /* LaunchScreen.storyboard in Resources */,
				4B3EF46A1E75E4650005FAB9 /* Assets.xcassets in Resources */,
				4B3EF4681E75E4650005FAB9 /* Main.storyboard in Resources */,
			);
			runOnlyForDeploymentPostprocessing = 0;
		};
/* End PBXResourcesBuildPhase section */

/* Begin PBXShellScriptBuildPhase section */
		B69A0E0B8DD802B7B728C97D /* [CP] Check Pods Manifest.lock */ = {
			isa = PBXShellScriptBuildPhase;
			buildActionMask = 2147483647;
			files = (
			);
			inputPaths = (
			);
			name = "[CP] Check Pods Manifest.lock";
			outputPaths = (
			);
			runOnlyForDeploymentPostprocessing = 0;
			shellPath = /bin/sh;
			shellScript = "diff \"${PODS_ROOT}/../Podfile.lock\" \"${PODS_ROOT}/Manifest.lock\" > /dev/null\nif [ $? != 0 ] ; then\n    # print error to STDERR\n    echo \"error: The sandbox is not in sync with the Podfile.lock. Run 'pod install' or update your CocoaPods installation.\" >&2\n    exit 1\nfi\n";
			showEnvVarsInLog = 0;
		};
		C4BEF858694B63DD919529AB /* [CP] Copy Pods Resources */ = {
			isa = PBXShellScriptBuildPhase;
			buildActionMask = 2147483647;
			files = (
			);
			inputPaths = (
			);
			name = "[CP] Copy Pods Resources";
			outputPaths = (
			);
			runOnlyForDeploymentPostprocessing = 0;
			shellPath = /bin/sh;
			shellScript = "\"${SRCROOT}/Pods/Target Support Files/Pods-NameBook/Pods-NameBook-resources.sh\"\n";
			showEnvVarsInLog = 0;
		};
		FB104A594FC2B776D924B977 /* [CP] Embed Pods Frameworks */ = {
			isa = PBXShellScriptBuildPhase;
			buildActionMask = 2147483647;
			files = (
			);
			inputPaths = (
			);
			name = "[CP] Embed Pods Frameworks";
			outputPaths = (
			);
			runOnlyForDeploymentPostprocessing = 0;
			shellPath = /bin/sh;
			shellScript = "\"${SRCROOT}/Pods/Target Support Files/Pods-NameBook/Pods-NameBook-frameworks.sh\"\n";
			showEnvVarsInLog = 0;
		};
/* End PBXShellScriptBuildPhase section */

/* Begin PBXSourcesBuildPhase section */
		4B3EF45B1E75E4640005FAB9 /* Sources */ = {
			isa = PBXSourcesBuildPhase;
			buildActionMask = 2147483647;
			files = (
				4B3EF4851E75F3580005FAB9 /* GameController.swift in Sources */,
				4B22C0221E7E8C4900C26CCA /* RotatingNavigationViewController.swift in Sources */,
				4B22C01E1E7E7A7700C26CCA /* LearnCollectionViewController.swift in Sources */,
				D228B78F1E7899B000C6CAD8 /* Array+Shuffle.swift in Sources */,
				4B3EF4871E75F5DD0005FAB9 /* FaceCollectionViewController.swift in Sources */,
				4B3EF4891E75F7380005FAB9 /* FaceCollectionViewCell.swift in Sources */,
				4B22C0201E7E7BB200C26CCA /* ContactCollectionViewCell.swift in Sources */,
				4BF152C81E7DD5CC00676015 /* OrganizationViewController.swift in Sources */,
				4B3EF4631E75E4640005FAB9 /* AppDelegate.swift in Sources */,
				4BC12A5D1E7DCB4900D1FFFE /* PermissionsViewController.swift in Sources */,
				4B3EF4831E75E8820005FAB9 /* ContactsService.swift in Sources */,
				4BF152CB1E7E28BB00676015 /* ReplaceRootSegue.swift in Sources */,
				4BC12A5B1E7CFDFC00D1FFFE /* SwinjectStoryboard+setup.swift in Sources */,
			);
			runOnlyForDeploymentPostprocessing = 0;
		};
/* End PBXSourcesBuildPhase section */

/* Begin PBXVariantGroup section */
		4B3EF4661E75E4650005FAB9 /* Main.storyboard */ = {
			isa = PBXVariantGroup;
			children = (
				4B3EF4671E75E4650005FAB9 /* Base */,
			);
			name = Main.storyboard;
			sourceTree = "<group>";
		};
		4B3EF46B1E75E4650005FAB9 /* LaunchScreen.storyboard */ = {
			isa = PBXVariantGroup;
			children = (
				4B3EF46C1E75E4650005FAB9 /* Base */,
			);
			name = LaunchScreen.storyboard;
			sourceTree = "<group>";
		};
/* End PBXVariantGroup section */

/* Begin XCBuildConfiguration section */
		4B3EF47A1E75E4650005FAB9 /* Debug */ = {
			isa = XCBuildConfiguration;
			buildSettings = {
				ALWAYS_SEARCH_USER_PATHS = NO;
				CLANG_ANALYZER_NONNULL = YES;
				CLANG_CXX_LANGUAGE_STANDARD = "gnu++0x";
				CLANG_CXX_LIBRARY = "libc++";
				CLANG_ENABLE_MODULES = YES;
				CLANG_ENABLE_OBJC_ARC = YES;
				CLANG_WARN_BOOL_CONVERSION = YES;
				CLANG_WARN_CONSTANT_CONVERSION = YES;
				CLANG_WARN_DIRECT_OBJC_ISA_USAGE = YES_ERROR;
				CLANG_WARN_DOCUMENTATION_COMMENTS = YES;
				CLANG_WARN_EMPTY_BODY = YES;
				CLANG_WARN_ENUM_CONVERSION = YES;
				CLANG_WARN_INFINITE_RECURSION = YES;
				CLANG_WARN_INT_CONVERSION = YES;
				CLANG_WARN_OBJC_ROOT_CLASS = YES_ERROR;
				CLANG_WARN_SUSPICIOUS_MOVE = YES;
				CLANG_WARN_UNREACHABLE_CODE = YES;
				CLANG_WARN__DUPLICATE_METHOD_MATCH = YES;
				"CODE_SIGN_IDENTITY[sdk=iphoneos*]" = "iPhone Developer";
				COPY_PHASE_STRIP = NO;
				DEBUG_INFORMATION_FORMAT = dwarf;
				ENABLE_STRICT_OBJC_MSGSEND = YES;
				ENABLE_TESTABILITY = YES;
				GCC_C_LANGUAGE_STANDARD = gnu99;
				GCC_DYNAMIC_NO_PIC = NO;
				GCC_NO_COMMON_BLOCKS = YES;
				GCC_OPTIMIZATION_LEVEL = 0;
				GCC_PREPROCESSOR_DEFINITIONS = (
					"DEBUG=1",
					"$(inherited)",
				);
				GCC_WARN_64_TO_32_BIT_CONVERSION = YES;
				GCC_WARN_ABOUT_RETURN_TYPE = YES_ERROR;
				GCC_WARN_UNDECLARED_SELECTOR = YES;
				GCC_WARN_UNINITIALIZED_AUTOS = YES_AGGRESSIVE;
				GCC_WARN_UNUSED_FUNCTION = YES;
				GCC_WARN_UNUSED_VARIABLE = YES;
				IPHONEOS_DEPLOYMENT_TARGET = 10.2;
				MTL_ENABLE_DEBUG_INFO = YES;
				ONLY_ACTIVE_ARCH = YES;
				SDKROOT = iphoneos;
				SWIFT_ACTIVE_COMPILATION_CONDITIONS = DEBUG;
				SWIFT_OPTIMIZATION_LEVEL = "-Onone";
			};
			name = Debug;
		};
		4B3EF47B1E75E4650005FAB9 /* Release */ = {
			isa = XCBuildConfiguration;
			buildSettings = {
				ALWAYS_SEARCH_USER_PATHS = NO;
				CLANG_ANALYZER_NONNULL = YES;
				CLANG_CXX_LANGUAGE_STANDARD = "gnu++0x";
				CLANG_CXX_LIBRARY = "libc++";
				CLANG_ENABLE_MODULES = YES;
				CLANG_ENABLE_OBJC_ARC = YES;
				CLANG_WARN_BOOL_CONVERSION = YES;
				CLANG_WARN_CONSTANT_CONVERSION = YES;
				CLANG_WARN_DIRECT_OBJC_ISA_USAGE = YES_ERROR;
				CLANG_WARN_DOCUMENTATION_COMMENTS = YES;
				CLANG_WARN_EMPTY_BODY = YES;
				CLANG_WARN_ENUM_CONVERSION = YES;
				CLANG_WARN_INFINITE_RECURSION = YES;
				CLANG_WARN_INT_CONVERSION = YES;
				CLANG_WARN_OBJC_ROOT_CLASS = YES_ERROR;
				CLANG_WARN_SUSPICIOUS_MOVE = YES;
				CLANG_WARN_UNREACHABLE_CODE = YES;
				CLANG_WARN__DUPLICATE_METHOD_MATCH = YES;
				"CODE_SIGN_IDENTITY[sdk=iphoneos*]" = "iPhone Developer";
				COPY_PHASE_STRIP = NO;
				DEBUG_INFORMATION_FORMAT = "dwarf-with-dsym";
				ENABLE_NS_ASSERTIONS = NO;
				ENABLE_STRICT_OBJC_MSGSEND = YES;
				GCC_C_LANGUAGE_STANDARD = gnu99;
				GCC_NO_COMMON_BLOCKS = YES;
				GCC_WARN_64_TO_32_BIT_CONVERSION = YES;
				GCC_WARN_ABOUT_RETURN_TYPE = YES_ERROR;
				GCC_WARN_UNDECLARED_SELECTOR = YES;
				GCC_WARN_UNINITIALIZED_AUTOS = YES_AGGRESSIVE;
				GCC_WARN_UNUSED_FUNCTION = YES;
				GCC_WARN_UNUSED_VARIABLE = YES;
				IPHONEOS_DEPLOYMENT_TARGET = 10.2;
				MTL_ENABLE_DEBUG_INFO = NO;
				SDKROOT = iphoneos;
				SWIFT_OPTIMIZATION_LEVEL = "-Owholemodule";
				VALIDATE_PRODUCT = YES;
			};
			name = Release;
		};
		4B3EF47D1E75E4650005FAB9 /* Debug */ = {
			isa = XCBuildConfiguration;
			baseConfigurationReference = 2FA45A11627D24BEC7892F4C /* Pods-NameBook.debug.xcconfig */;
			buildSettings = {
				ASSETCATALOG_COMPILER_APPICON_NAME = AppIcon;
				DEVELOPMENT_TEAM = 35KC7LV9BL;
				INFOPLIST_FILE = NameBook/Info.plist;
				LD_RUNPATH_SEARCH_PATHS = "$(inherited) @executable_path/Frameworks";
				PRODUCT_BUNDLE_IDENTIFIER = com.github.paulz.NameGame;
				PRODUCT_NAME = "$(TARGET_NAME)";
				SWIFT_VERSION = 3.0;
			};
			name = Debug;
		};
		4B3EF47E1E75E4650005FAB9 /* Release */ = {
			isa = XCBuildConfiguration;
			baseConfigurationReference = 59E309289D3E2AB203FAE97E /* Pods-NameBook.release.xcconfig */;
			buildSettings = {
				ASSETCATALOG_COMPILER_APPICON_NAME = AppIcon;
				DEVELOPMENT_TEAM = 35KC7LV9BL;
				INFOPLIST_FILE = NameBook/Info.plist;
				LD_RUNPATH_SEARCH_PATHS = "$(inherited) @executable_path/Frameworks";
				PRODUCT_BUNDLE_IDENTIFIER = com.github.paulz.NameGame;
				PRODUCT_NAME = "$(TARGET_NAME)";
				SWIFT_VERSION = 3.0;
			};
			name = Release;
		};
/* End XCBuildConfiguration section */

/* Begin XCConfigurationList section */
		4B3EF45A1E75E4640005FAB9 /* Build configuration list for PBXProject "NameBook" */ = {
			isa = XCConfigurationList;
			buildConfigurations = (
				4B3EF47A1E75E4650005FAB9 /* Debug */,
				4B3EF47B1E75E4650005FAB9 /* Release */,
			);
			defaultConfigurationIsVisible = 0;
			defaultConfigurationName = Release;
		};
		4B3EF47C1E75E4650005FAB9 /* Build configuration list for PBXNativeTarget "NameBook" */ = {
			isa = XCConfigurationList;
			buildConfigurations = (
				4B3EF47D1E75E4650005FAB9 /* Debug */,
				4B3EF47E1E75E4650005FAB9 /* Release */,
			);
			defaultConfigurationIsVisible = 0;
			defaultConfigurationName = Release;
		};
/* End XCConfigurationList section */
	};
	rootObject = 4B3EF4571E75E4640005FAB9 /* Project object */;
}
